// !$*UTF8*$!
{
	archiveVersion = 1;
	classes = {
	};
	objectVersion = 55;
	objects = {

/* Begin PBXBuildFile section */
		7B255C3927CB58CE001D5D61 /* AppDelegate.swift in Sources */ = {isa = PBXBuildFile; fileRef = 7B255C3827CB58CE001D5D61 /* AppDelegate.swift */; };
		7B255C3B27CB58CE001D5D61 /* SceneDelegate.swift in Sources */ = {isa = PBXBuildFile; fileRef = 7B255C3A27CB58CE001D5D61 /* SceneDelegate.swift */; };
		7B255C3D27CB58CE001D5D61 /* ViewController.swift in Sources */ = {isa = PBXBuildFile; fileRef = 7B255C3C27CB58CE001D5D61 /* ViewController.swift */; };
		7B255C4027CB58CE001D5D61 /* Main.storyboard in Resources */ = {isa = PBXBuildFile; fileRef = 7B255C3E27CB58CE001D5D61 /* Main.storyboard */; };
		7B255C4327CB58CE001D5D61 /* Ebotti_Violence.xcdatamodeld in Sources */ = {isa = PBXBuildFile; fileRef = 7B255C4127CB58CE001D5D61 /* Ebotti_Violence.xcdatamodeld */; };
		7B255C4527CB58D4001D5D61 /* Assets.xcassets in Resources */ = {isa = PBXBuildFile; fileRef = 7B255C4427CB58D4001D5D61 /* Assets.xcassets */; };
		7B255C4827CB58D4001D5D61 /* LaunchScreen.storyboard in Resources */ = {isa = PBXBuildFile; fileRef = 7B255C4627CB58D4001D5D61 /* LaunchScreen.storyboard */; };
		7B255C5327CB58D5001D5D61 /* Ebotti_ViolenceTests.swift in Sources */ = {isa = PBXBuildFile; fileRef = 7B255C5227CB58D5001D5D61 /* Ebotti_ViolenceTests.swift */; };
		7B255C5D27CB58D5001D5D61 /* Ebotti_ViolenceUITests.swift in Sources */ = {isa = PBXBuildFile; fileRef = 7B255C5C27CB58D5001D5D61 /* Ebotti_ViolenceUITests.swift */; };
		7B255C5F27CB58D5001D5D61 /* Ebotti_ViolenceUITestsLaunchTests.swift in Sources */ = {isa = PBXBuildFile; fileRef = 7B255C5E27CB58D5001D5D61 /* Ebotti_ViolenceUITestsLaunchTests.swift */; };
/* End PBXBuildFile section */

/* Begin PBXContainerItemProxy section */
		7B255C4F27CB58D5001D5D61 /* PBXContainerItemProxy */ = {
			isa = PBXContainerItemProxy;
			containerPortal = 7B255C2D27CB58CE001D5D61 /* Project object */;
			proxyType = 1;
			remoteGlobalIDString = 7B255C3427CB58CE001D5D61;
			remoteInfo = Ebotti_Violence;
		};
		7B255C5927CB58D5001D5D61 /* PBXContainerItemProxy */ = {
			isa = PBXContainerItemProxy;
			containerPortal = 7B255C2D27CB58CE001D5D61 /* Project object */;
			proxyType = 1;
			remoteGlobalIDString = 7B255C3427CB58CE001D5D61;
			remoteInfo = Ebotti_Violence;
		};
/* End PBXContainerItemProxy section */

/* Begin PBXFileReference section */
		7B255C3527CB58CE001D5D61 /* Ebotti_Violence.app */ = {isa = PBXFileReference; explicitFileType = wrapper.application; includeInIndex = 0; path = Ebotti_Violence.app; sourceTree = BUILT_PRODUCTS_DIR; };
		7B255C3827CB58CE001D5D61 /* AppDelegate.swift */ = {isa = PBXFileReference; lastKnownFileType = sourcecode.swift; path = AppDelegate.swift; sourceTree = "<group>"; };
		7B255C3A27CB58CE001D5D61 /* SceneDelegate.swift */ = {isa = PBXFileReference; lastKnownFileType = sourcecode.swift; path = SceneDelegate.swift; sourceTree = "<group>"; };
		7B255C3C27CB58CE001D5D61 /* ViewController.swift */ = {isa = PBXFileReference; lastKnownFileType = sourcecode.swift; path = ViewController.swift; sourceTree = "<group>"; };
		7B255C3F27CB58CE001D5D61 /* Base */ = {isa = PBXFileReference; lastKnownFileType = file.storyboard; name = Base; path = Base.lproj/Main.storyboard; sourceTree = "<group>"; };
		7B255C4227CB58CE001D5D61 /* Ebotti_Violence.xcdatamodel */ = {isa = PBXFileReference; lastKnownFileType = wrapper.xcdatamodel; path = Ebotti_Violence.xcdatamodel; sourceTree = "<group>"; };
		7B255C4427CB58D4001D5D61 /* Assets.xcassets */ = {isa = PBXFileReference; lastKnownFileType = folder.assetcatalog; path = Assets.xcassets; sourceTree = "<group>"; };
		7B255C4727CB58D4001D5D61 /* Base */ = {isa = PBXFileReference; lastKnownFileType = file.storyboard; name = Base; path = Base.lproj/LaunchScreen.storyboard; sourceTree = "<group>"; };
		7B255C4927CB58D4001D5D61 /* Info.plist */ = {isa = PBXFileReference; lastKnownFileType = text.plist.xml; path = Info.plist; sourceTree = "<group>"; };
		7B255C4E27CB58D5001D5D61 /* Ebotti_ViolenceTests.xctest */ = {isa = PBXFileReference; explicitFileType = wrapper.cfbundle; includeInIndex = 0; path = Ebotti_ViolenceTests.xctest; sourceTree = BUILT_PRODUCTS_DIR; };
		7B255C5227CB58D5001D5D61 /* Ebotti_ViolenceTests.swift */ = {isa = PBXFileReference; lastKnownFileType = sourcecode.swift; path = Ebotti_ViolenceTests.swift; sourceTree = "<group>"; };
		7B255C5827CB58D5001D5D61 /* Ebotti_ViolenceUITests.xctest */ = {isa = PBXFileReference; explicitFileType = wrapper.cfbundle; includeInIndex = 0; path = Ebotti_ViolenceUITests.xctest; sourceTree = BUILT_PRODUCTS_DIR; };
		7B255C5C27CB58D5001D5D61 /* Ebotti_ViolenceUITests.swift */ = {isa = PBXFileReference; lastKnownFileType = sourcecode.swift; path = Ebotti_ViolenceUITests.swift; sourceTree = "<group>"; };
		7B255C5E27CB58D5001D5D61 /* Ebotti_ViolenceUITestsLaunchTests.swift */ = {isa = PBXFileReference; lastKnownFileType = sourcecode.swift; path = Ebotti_ViolenceUITestsLaunchTests.swift; sourceTree = "<group>"; };
/* End PBXFileReference section */

/* Begin PBXFrameworksBuildPhase section */
		7B255C3227CB58CE001D5D61 /* Frameworks */ = {
			isa = PBXFrameworksBuildPhase;
			buildActionMask = 2147483647;
			files = (
			);
			runOnlyForDeploymentPostprocessing = 0;
		};
		7B255C4B27CB58D5001D5D61 /* Frameworks */ = {
			isa = PBXFrameworksBuildPhase;
			buildActionMask = 2147483647;
			files = (
			);
			runOnlyForDeploymentPostprocessing = 0;
		};
		7B255C5527CB58D5001D5D61 /* Frameworks */ = {
			isa = PBXFrameworksBuildPhase;
			buildActionMask = 2147483647;
			files = (
			);
			runOnlyForDeploymentPostprocessing = 0;
		};
/* End PBXFrameworksBuildPhase section */

/* Begin PBXGroup section */
		7B255C2C27CB58CE001D5D61 = {
			isa = PBXGroup;
			children = (
				7B255C3727CB58CE001D5D61 /* Ebotti_Violence */,
				7B255C5127CB58D5001D5D61 /* Ebotti_ViolenceTests */,
				7B255C5B27CB58D5001D5D61 /* Ebotti_ViolenceUITests */,
				7B255C3627CB58CE001D5D61 /* Products */,
			);
			sourceTree = "<group>";
		};
		7B255C3627CB58CE001D5D61 /* Products */ = {
			isa = PBXGroup;
			children = (
				7B255C3527CB58CE001D5D61 /* Ebotti_Violence.app */,
				7B255C4E27CB58D5001D5D61 /* Ebotti_ViolenceTests.xctest */,
				7B255C5827CB58D5001D5D61 /* Ebotti_ViolenceUITests.xctest */,
			);
			name = Products;
			sourceTree = "<group>";
		};
		7B255C3727CB58CE001D5D61 /* Ebotti_Violence */ = {
			isa = PBXGroup;
			children = (
				7B255C3827CB58CE001D5D61 /* AppDelegate.swift */,
				7B255C3A27CB58CE001D5D61 /* SceneDelegate.swift */,
				7B255C3C27CB58CE001D5D61 /* ViewController.swift */,
				7B255C3E27CB58CE001D5D61 /* Main.storyboard */,
				7B255C4427CB58D4001D5D61 /* Assets.xcassets */,
				7B255C4627CB58D4001D5D61 /* LaunchScreen.storyboard */,
				7B255C4927CB58D4001D5D61 /* Info.plist */,
				7B255C4127CB58CE001D5D61 /* Ebotti_Violence.xcdatamodeld */,
			);
			path = Ebotti_Violence;
			sourceTree = "<group>";
		};
		7B255C5127CB58D5001D5D61 /* Ebotti_ViolenceTests */ = {
			isa = PBXGroup;
			children = (
				7B255C5227CB58D5001D5D61 /* Ebotti_ViolenceTests.swift */,
			);
			path = Ebotti_ViolenceTests;
			sourceTree = "<group>";
		};
		7B255C5B27CB58D5001D5D61 /* Ebotti_ViolenceUITests */ = {
			isa = PBXGroup;
			children = (
				7B255C5C27CB58D5001D5D61 /* Ebotti_ViolenceUITests.swift */,
				7B255C5E27CB58D5001D5D61 /* Ebotti_ViolenceUITestsLaunchTests.swift */,
			);
			path = Ebotti_ViolenceUITests;
			sourceTree = "<group>";
		};
/* End PBXGroup section */

/* Begin PBXNativeTarget section */
		7B255C3427CB58CE001D5D61 /* Ebotti_Violence */ = {
			isa = PBXNativeTarget;
			buildConfigurationList = 7B255C6227CB58D5001D5D61 /* Build configuration list for PBXNativeTarget "Ebotti_Violence" */;
			buildPhases = (
				7B255C3127CB58CE001D5D61 /* Sources */,
				7B255C3227CB58CE001D5D61 /* Frameworks */,
				7B255C3327CB58CE001D5D61 /* Resources */,
			);
			buildRules = (
			);
			dependencies = (
			);
			name = Ebotti_Violence;
			productName = Ebotti_Violence;
			productReference = 7B255C3527CB58CE001D5D61 /* Ebotti_Violence.app */;
			productType = "com.apple.product-type.application";
		};
		7B255C4D27CB58D5001D5D61 /* Ebotti_ViolenceTests */ = {
			isa = PBXNativeTarget;
			buildConfigurationList = 7B255C6527CB58D5001D5D61 /* Build configuration list for PBXNativeTarget "Ebotti_ViolenceTests" */;
			buildPhases = (
				7B255C4A27CB58D5001D5D61 /* Sources */,
				7B255C4B27CB58D5001D5D61 /* Frameworks */,
				7B255C4C27CB58D5001D5D61 /* Resources */,
			);
			buildRules = (
			);
			dependencies = (
				7B255C5027CB58D5001D5D61 /* PBXTargetDependency */,
			);
			name = Ebotti_ViolenceTests;
			productName = Ebotti_ViolenceTests;
			productReference = 7B255C4E27CB58D5001D5D61 /* Ebotti_ViolenceTests.xctest */;
			productType = "com.apple.product-type.bundle.unit-test";
		};
		7B255C5727CB58D5001D5D61 /* Ebotti_ViolenceUITests */ = {
			isa = PBXNativeTarget;
			buildConfigurationList = 7B255C6827CB58D5001D5D61 /* Build configuration list for PBXNativeTarget "Ebotti_ViolenceUITests" */;
			buildPhases = (
				7B255C5427CB58D5001D5D61 /* Sources */,
				7B255C5527CB58D5001D5D61 /* Frameworks */,
				7B255C5627CB58D5001D5D61 /* Resources */,
			);
			buildRules = (
			);
			dependencies = (
				7B255C5A27CB58D5001D5D61 /* PBXTargetDependency */,
			);
			name = Ebotti_ViolenceUITests;
			productName = Ebotti_ViolenceUITests;
			productReference = 7B255C5827CB58D5001D5D61 /* Ebotti_ViolenceUITests.xctest */;
			productType = "com.apple.product-type.bundle.ui-testing";
		};
/* End PBXNativeTarget section */

/* Begin PBXProject section */
		7B255C2D27CB58CE001D5D61 /* Project object */ = {
			isa = PBXProject;
			attributes = {
				BuildIndependentTargetsInParallel = 1;
				LastSwiftUpdateCheck = 1320;
				LastUpgradeCheck = 1320;
				TargetAttributes = {
					7B255C3427CB58CE001D5D61 = {
						CreatedOnToolsVersion = 13.2.1;
					};
					7B255C4D27CB58D5001D5D61 = {
						CreatedOnToolsVersion = 13.2.1;
						TestTargetID = 7B255C3427CB58CE001D5D61;
					};
					7B255C5727CB58D5001D5D61 = {
						CreatedOnToolsVersion = 13.2.1;
						TestTargetID = 7B255C3427CB58CE001D5D61;
					};
				};
			};
			buildConfigurationList = 7B255C3027CB58CE001D5D61 /* Build configuration list for PBXProject "Ebotti_Violence" */;
			compatibilityVersion = "Xcode 13.0";
			developmentRegion = en;
			hasScannedForEncodings = 0;
			knownRegions = (
				en,
				Base,
			);
			mainGroup = 7B255C2C27CB58CE001D5D61;
			productRefGroup = 7B255C3627CB58CE001D5D61 /* Products */;
			projectDirPath = "";
			projectRoot = "";
			targets = (
				7B255C3427CB58CE001D5D61 /* Ebotti_Violence */,
				7B255C4D27CB58D5001D5D61 /* Ebotti_ViolenceTests */,
				7B255C5727CB58D5001D5D61 /* Ebotti_ViolenceUITests */,
			);
		};
/* End PBXProject section */

/* Begin PBXResourcesBuildPhase section */
		7B255C3327CB58CE001D5D61 /* Resources */ = {
			isa = PBXResourcesBuildPhase;
			buildActionMask = 2147483647;
			files = (
				7B255C4827CB58D4001D5D61 /* LaunchScreen.storyboard in Resources */,
				7B255C4527CB58D4001D5D61 /* Assets.xcassets in Resources */,
				7B255C4027CB58CE001D5D61 /* Main.storyboard in Resources */,
			);
			runOnlyForDeploymentPostprocessing = 0;
		};
		7B255C4C27CB58D5001D5D61 /* Resources */ = {
			isa = PBXResourcesBuildPhase;
			buildActionMask = 2147483647;
			files = (
			);
			runOnlyForDeploymentPostprocessing = 0;
		};
		7B255C5627CB58D5001D5D61 /* Resources */ = {
			isa = PBXResourcesBuildPhase;
			buildActionMask = 2147483647;
			files = (
			);
			runOnlyForDeploymentPostprocessing = 0;
		};
/* End PBXResourcesBuildPhase section */

/* Begin PBXSourcesBuildPhase section */
		7B255C3127CB58CE001D5D61 /* Sources */ = {
			isa = PBXSourcesBuildPhase;
			buildActionMask = 2147483647;
			files = (
				7B255C3D27CB58CE001D5D61 /* ViewController.swift in Sources */,
				7B255C3927CB58CE001D5D61 /* AppDelegate.swift in Sources */,
				7B255C3B27CB58CE001D5D61 /* SceneDelegate.swift in Sources */,
				7B255C4327CB58CE001D5D61 /* Ebotti_Violence.xcdatamodeld in Sources */,
			);
			runOnlyForDeploymentPostprocessing = 0;
		};
		7B255C4A27CB58D5001D5D61 /* Sources */ = {
			isa = PBXSourcesBuildPhase;
			buildActionMask = 2147483647;
			files = (
				7B255C5327CB58D5001D5D61 /* Ebotti_ViolenceTests.swift in Sources */,
			);
			runOnlyForDeploymentPostprocessing = 0;
		};
		7B255C5427CB58D5001D5D61 /* Sources */ = {
			isa = PBXSourcesBuildPhase;
			buildActionMask = 2147483647;
			files = (
				7B255C5F27CB58D5001D5D61 /* Ebotti_ViolenceUITestsLaunchTests.swift in Sources */,
				7B255C5D27CB58D5001D5D61 /* Ebotti_ViolenceUITests.swift in Sources */,
			);
			runOnlyForDeploymentPostprocessing = 0;
		};
/* End PBXSourcesBuildPhase section */

/* Begin PBXTargetDependency section */
		7B255C5027CB58D5001D5D61 /* PBXTargetDependency */ = {
			isa = PBXTargetDependency;
			target = 7B255C3427CB58CE001D5D61 /* Ebotti_Violence */;
			targetProxy = 7B255C4F27CB58D5001D5D61 /* PBXContainerItemProxy */;
		};
		7B255C5A27CB58D5001D5D61 /* PBXTargetDependency */ = {
			isa = PBXTargetDependency;
			target = 7B255C3427CB58CE001D5D61 /* Ebotti_Violence */;
			targetProxy = 7B255C5927CB58D5001D5D61 /* PBXContainerItemProxy */;
		};
/* End PBXTargetDependency section */

/* Begin PBXVariantGroup section */
		7B255C3E27CB58CE001D5D61 /* Main.storyboard */ = {
			isa = PBXVariantGroup;
			children = (
				7B255C3F27CB58CE001D5D61 /* Base */,
			);
			name = Main.storyboard;
			sourceTree = "<group>";
		};
		7B255C4627CB58D4001D5D61 /* LaunchScreen.storyboard */ = {
			isa = PBXVariantGroup;
			children = (
				7B255C4727CB58D4001D5D61 /* Base */,
			);
			name = LaunchScreen.storyboard;
			sourceTree = "<group>";
		};
/* End PBXVariantGroup section */

/* Begin XCBuildConfiguration section */
		7B255C6027CB58D5001D5D61 /* Debug */ = {
			isa = XCBuildConfiguration;
			buildSettings = {
				ALWAYS_SEARCH_USER_PATHS = NO;
				CLANG_ANALYZER_NONNULL = YES;
				CLANG_ANALYZER_NUMBER_OBJECT_CONVERSION = YES_AGGRESSIVE;
				CLANG_CXX_LANGUAGE_STANDARD = "gnu++17";
				CLANG_CXX_LIBRARY = "libc++";
				CLANG_ENABLE_MODULES = YES;
				CLANG_ENABLE_OBJC_ARC = YES;
				CLANG_ENABLE_OBJC_WEAK = YES;
				CLANG_WARN_BLOCK_CAPTURE_AUTORELEASING = YES;
				CLANG_WARN_BOOL_CONVERSION = YES;
				CLANG_WARN_COMMA = YES;
				CLANG_WARN_CONSTANT_CONVERSION = YES;
				CLANG_WARN_DEPRECATED_OBJC_IMPLEMENTATIONS = YES;
				CLANG_WARN_DIRECT_OBJC_ISA_USAGE = YES_ERROR;
				CLANG_WARN_DOCUMENTATION_COMMENTS = YES;
				CLANG_WARN_EMPTY_BODY = YES;
				CLANG_WARN_ENUM_CONVERSION = YES;
				CLANG_WARN_INFINITE_RECURSION = YES;
				CLANG_WARN_INT_CONVERSION = YES;
				CLANG_WARN_NON_LITERAL_NULL_CONVERSION = YES;
				CLANG_WARN_OBJC_IMPLICIT_RETAIN_SELF = YES;
				CLANG_WARN_OBJC_LITERAL_CONVERSION = YES;
				CLANG_WARN_OBJC_ROOT_CLASS = YES_ERROR;
				CLANG_WARN_QUOTED_INCLUDE_IN_FRAMEWORK_HEADER = YES;
				CLANG_WARN_RANGE_LOOP_ANALYSIS = YES;
				CLANG_WARN_STRICT_PROTOTYPES = YES;
				CLANG_WARN_SUSPICIOUS_MOVE = YES;
				CLANG_WARN_UNGUARDED_AVAILABILITY = YES_AGGRESSIVE;
				CLANG_WARN_UNREACHABLE_CODE = YES;
				CLANG_WARN__DUPLICATE_METHOD_MATCH = YES;
				COPY_PHASE_STRIP = NO;
				DEBUG_INFORMATION_FORMAT = dwarf;
				ENABLE_STRICT_OBJC_MSGSEND = YES;
				ENABLE_TESTABILITY = YES;
				GCC_C_LANGUAGE_STANDARD = gnu11;
				GCC_DYNAMIC_NO_PIC = NO;
				GCC_NO_COMMON_BLOCKS = YES;
				GCC_OPTIMIZATION_LEVEL = 0;
				GCC_PREPROCESSOR_DEFINITIONS = (
					"DEBUG=1",
					"$(inherited)",
				);
				GCC_WARN_64_TO_32_BIT_CONVERSION = YES;
				GCC_WARN_ABOUT_RETURN_TYPE = YES_ERROR;
				GCC_WARN_UNDECLARED_SELECTOR = YES;
				GCC_WARN_UNINITIALIZED_AUTOS = YES_AGGRESSIVE;
				GCC_WARN_UNUSED_FUNCTION = YES;
				GCC_WARN_UNUSED_VARIABLE = YES;
				IPHONEOS_DEPLOYMENT_TARGET = 15.2;
				MTL_ENABLE_DEBUG_INFO = INCLUDE_SOURCE;
				MTL_FAST_MATH = YES;
				ONLY_ACTIVE_ARCH = YES;
				SDKROOT = iphoneos;
				SWIFT_ACTIVE_COMPILATION_CONDITIONS = DEBUG;
				SWIFT_OPTIMIZATION_LEVEL = "-Onone";
			};
			name = Debug;
		};
		7B255C6127CB58D5001D5D61 /* Release */ = {
			isa = XCBuildConfiguration;
			buildSettings = {
				ALWAYS_SEARCH_USER_PATHS = NO;
				CLANG_ANALYZER_NONNULL = YES;
				CLANG_ANALYZER_NUMBER_OBJECT_CONVERSION = YES_AGGRESSIVE;
				CLANG_CXX_LANGUAGE_STANDARD = "gnu++17";
				CLANG_CXX_LIBRARY = "libc++";
				CLANG_ENABLE_MODULES = YES;
				CLANG_ENABLE_OBJC_ARC = YES;
				CLANG_ENABLE_OBJC_WEAK = YES;
				CLANG_WARN_BLOCK_CAPTURE_AUTORELEASING = YES;
				CLANG_WARN_BOOL_CONVERSION = YES;
				CLANG_WARN_COMMA = YES;
				CLANG_WARN_CONSTANT_CONVERSION = YES;
				CLANG_WARN_DEPRECATED_OBJC_IMPLEMENTATIONS = YES;
				CLANG_WARN_DIRECT_OBJC_ISA_USAGE = YES_ERROR;
				CLANG_WARN_DOCUMENTATION_COMMENTS = YES;
				CLANG_WARN_EMPTY_BODY = YES;
				CLANG_WARN_ENUM_CONVERSION = YES;
				CLANG_WARN_INFINITE_RECURSION = YES;
				CLANG_WARN_INT_CONVERSION = YES;
				CLANG_WARN_NON_LITERAL_NULL_CONVERSION = YES;
				CLANG_WARN_OBJC_IMPLICIT_RETAIN_SELF = YES;
				CLANG_WARN_OBJC_LITERAL_CONVERSION = YES;
				CLANG_WARN_OBJC_ROOT_CLASS = YES_ERROR;
				CLANG_WARN_QUOTED_INCLUDE_IN_FRAMEWORK_HEADER = YES;
				CLANG_WARN_RANGE_LOOP_ANALYSIS = YES;
				CLANG_WARN_STRICT_PROTOTYPES = YES;
				CLANG_WARN_SUSPICIOUS_MOVE = YES;
				CLANG_WARN_UNGUARDED_AVAILABILITY = YES_AGGRESSIVE;
				CLANG_WARN_UNREACHABLE_CODE = YES;
				CLANG_WARN__DUPLICATE_METHOD_MATCH = YES;
				COPY_PHASE_STRIP = NO;
				DEBUG_INFORMATION_FORMAT = "dwarf-with-dsym";
				ENABLE_NS_ASSERTIONS = NO;
				ENABLE_STRICT_OBJC_MSGSEND = YES;
				GCC_C_LANGUAGE_STANDARD = gnu11;
				GCC_NO_COMMON_BLOCKS = YES;
				GCC_WARN_64_TO_32_BIT_CONVERSION = YES;
				GCC_WARN_ABOUT_RETURN_TYPE = YES_ERROR;
				GCC_WARN_UNDECLARED_SELECTOR = YES;
				GCC_WARN_UNINITIALIZED_AUTOS = YES_AGGRESSIVE;
				GCC_WARN_UNUSED_FUNCTION = YES;
				GCC_WARN_UNUSED_VARIABLE = YES;
				IPHONEOS_DEPLOYMENT_TARGET = 15.2;
				MTL_ENABLE_DEBUG_INFO = NO;
				MTL_FAST_MATH = YES;
				SDKROOT = iphoneos;
				SWIFT_COMPILATION_MODE = wholemodule;
				SWIFT_OPTIMIZATION_LEVEL = "-O";
				VALIDATE_PRODUCT = YES;
			};
			name = Release;
		};
		7B255C6327CB58D5001D5D61 /* Debug */ = {
			isa = XCBuildConfiguration;
			buildSettings = {
				ASSETCATALOG_COMPILER_APPICON_NAME = AppIcon;
				ASSETCATALOG_COMPILER_GLOBAL_ACCENT_COLOR_NAME = AccentColor;
				CODE_SIGN_STYLE = Automatic;
				CURRENT_PROJECT_VERSION = 1;
				DEVELOPMENT_TEAM = 35JZP644A6;
				GENERATE_INFOPLIST_FILE = YES;
				INFOPLIST_FILE = Ebotti_Violence/Info.plist;
				INFOPLIST_KEY_UIApplicationSupportsIndirectInputEvents = YES;
				INFOPLIST_KEY_UILaunchStoryboardName = LaunchScreen;
				INFOPLIST_KEY_UIMainStoryboardFile = Main;
				INFOPLIST_KEY_UISupportedInterfaceOrientations_iPad = "UIInterfaceOrientationPortrait UIInterfaceOrientationPortraitUpsideDown UIInterfaceOrientationLandscapeLeft UIInterfaceOrientationLandscapeRight";
				INFOPLIST_KEY_UISupportedInterfaceOrientations_iPhone = "UIInterfaceOrientationPortrait UIInterfaceOrientationLandscapeLeft UIInterfaceOrientationLandscapeRight";
				LD_RUNPATH_SEARCH_PATHS = (
					"$(inherited)",
					"@executable_path/Frameworks",
				);
				MARKETING_VERSION = 1.0;
				PRODUCT_BUNDLE_IDENTIFIER = "KwanSteven.Ebotti-Violence";
				PRODUCT_NAME = "$(TARGET_NAME)";
				SWIFT_EMIT_LOC_STRINGS = YES;
				SWIFT_VERSION = 5.0;
				TARGETED_DEVICE_FAMILY = "1,2";
			};
			name = Debug;
		};
		7B255C6427CB58D5001D5D61 /* Release */ = {
			isa = XCBuildConfiguration;
			buildSettings = {
				ASSETCATALOG_COMPILER_APPICON_NAME = AppIcon;
				ASSETCATALOG_COMPILER_GLOBAL_ACCENT_COLOR_NAME = AccentColor;
				CODE_SIGN_STYLE = Automatic;
				CURRENT_PROJECT_VERSION = 1;
				DEVELOPMENT_TEAM = 35JZP644A6;
				GENERATE_INFOPLIST_FILE = YES;
				INFOPLIST_FILE = Ebotti_Violence/Info.plist;
				INFOPLIST_KEY_UIApplicationSupportsIndirectInputEvents = YES;
				INFOPLIST_KEY_UILaunchStoryboardName = LaunchScreen;
				INFOPLIST_KEY_UIMainStoryboardFile = Main;
				INFOPLIST_KEY_UISupportedInterfaceOrientations_iPad = "UIInterfaceOrientationPortrait UIInterfaceOrientationPortraitUpsideDown UIInterfaceOrientationLandscapeLeft UIInterfaceOrientationLandscapeRight";
				INFOPLIST_KEY_UISupportedInterfaceOrientations_iPhone = "UIInterfaceOrientationPortrait UIInterfaceOrientationLandscapeLeft UIInterfaceOrientationLandscapeRight";
				LD_RUNPATH_SEARCH_PATHS = (
					"$(inherited)",
					"@executable_path/Frameworks",
				);
				MARKETING_VERSION = 1.0;
				PRODUCT_BUNDLE_IDENTIFIER = "KwanSteven.Ebotti-Violence";
				PRODUCT_NAME = "$(TARGET_NAME)";
				SWIFT_EMIT_LOC_STRINGS = YES;
				SWIFT_VERSION = 5.0;
				TARGETED_DEVICE_FAMILY = "1,2";
			};
			name = Release;
		};
		7B255C6627CB58D5001D5D61 /* Debug */ = {
			isa = XCBuildConfiguration;
			buildSettings = {
				ALWAYS_EMBED_SWIFT_STANDARD_LIBRARIES = YES;
				BUNDLE_LOADER = "$(TEST_HOST)";
				CODE_SIGN_STYLE = Automatic;
				CURRENT_PROJECT_VERSION = 1;
				DEVELOPMENT_TEAM = 35JZP644A6;
				GENERATE_INFOPLIST_FILE = YES;
				IPHONEOS_DEPLOYMENT_TARGET = 15.2;
				MARKETING_VERSION = 1.0;
				PRODUCT_BUNDLE_IDENTIFIER = "KwanSteven.Ebotti-ViolenceTests";
				PRODUCT_NAME = "$(TARGET_NAME)";
				SWIFT_EMIT_LOC_STRINGS = NO;
				SWIFT_VERSION = 5.0;
				TARGETED_DEVICE_FAMILY = "1,2";
				TEST_HOST = "$(BUILT_PRODUCTS_DIR)/Ebotti_Violence.app/Ebotti_Violence";
			};
			name = Debug;
		};
		7B255C6727CB58D5001D5D61 /* Release */ = {
			isa = XCBuildConfiguration;
			buildSettings = {
				ALWAYS_EMBED_SWIFT_STANDARD_LIBRARIES = YES;
				BUNDLE_LOADER = "$(TEST_HOST)";
				CODE_SIGN_STYLE = Automatic;
				CURRENT_PROJECT_VERSION = 1;
				DEVELOPMENT_TEAM = 35JZP644A6;
				GENERATE_INFOPLIST_FILE = YES;
				IPHONEOS_DEPLOYMENT_TARGET = 15.2;
				MARKETING_VERSION = 1.0;
				PRODUCT_BUNDLE_IDENTIFIER = "KwanSteven.Ebotti-ViolenceTests";
				PRODUCT_NAME = "$(TARGET_NAME)";
				SWIFT_EMIT_LOC_STRINGS = NO;
				SWIFT_VERSION = 5.0;
				TARGETED_DEVICE_FAMILY = "1,2";
				TEST_HOST = "$(BUILT_PRODUCTS_DIR)/Ebotti_Violence.app/Ebotti_Violence";
			};
			name = Release;
		};
		7B255C6927CB58D5001D5D61 /* Debug */ = {
			isa = XCBuildConfiguration;
			buildSettings = {
				ALWAYS_EMBED_SWIFT_STANDARD_LIBRARIES = YES;
				CODE_SIGN_STYLE = Automatic;
				CURRENT_PROJECT_VERSION = 1;
				DEVELOPMENT_TEAM = 35JZP644A6;
				GENERATE_INFOPLIST_FILE = YES;
				MARKETING_VERSION = 1.0;
				PRODUCT_BUNDLE_IDENTIFIER = "KwanSteven.Ebotti-ViolenceUITests";
				PRODUCT_NAME = "$(TARGET_NAME)";
				SWIFT_EMIT_LOC_STRINGS = NO;
				SWIFT_VERSION = 5.0;
				TARGETED_DEVICE_FAMILY = "1,2";
				TEST_TARGET_NAME = Ebotti_Violence;
			};
			name = Debug;
		};
		7B255C6A27CB58D5001D5D61 /* Release */ = {
			isa = XCBuildConfiguration;
			buildSettings = {
				ALWAYS_EMBED_SWIFT_STANDARD_LIBRARIES = YES;
				CODE_SIGN_STYLE = Automatic;
				CURRENT_PROJECT_VERSION = 1;
				DEVELOPMENT_TEAM = 35JZP644A6;
				GENERATE_INFOPLIST_FILE = YES;
				MARKETING_VERSION = 1.0;
				PRODUCT_BUNDLE_IDENTIFIER = "KwanSteven.Ebotti-ViolenceUITests";
				PRODUCT_NAME = "$(TARGET_NAME)";
				SWIFT_EMIT_LOC_STRINGS = NO;
				SWIFT_VERSION = 5.0;
				TARGETED_DEVICE_FAMILY = "1,2";
				TEST_TARGET_NAME = Ebotti_Violence;
			};
			name = Release;
		};
/* End XCBuildConfiguration section */

/* Begin XCConfigurationList section */
		7B255C3027CB58CE001D5D61 /* Build configuration list for PBXProject "Ebotti_Violence" */ = {
			isa = XCConfigurationList;
			buildConfigurations = (
				7B255C6027CB58D5001D5D61 /* Debug */,
				7B255C6127CB58D5001D5D61 /* Release */,
			);
			defaultConfigurationIsVisible = 0;
			defaultConfigurationName = Release;
		};
		7B255C6227CB58D5001D5D61 /* Build configuration list for PBXNativeTarget "Ebotti_Violence" */ = {
			isa = XCConfigurationList;
			buildConfigurations = (
				7B255C6327CB58D5001D5D61 /* Debug */,
				7B255C6427CB58D5001D5D61 /* Release */,
			);
			defaultConfigurationIsVisible = 0;
			defaultConfigurationName = Release;
		};
		7B255C6527CB58D5001D5D61 /* Build configuration list for PBXNativeTarget "Ebotti_ViolenceTests" */ = {
			isa = XCConfigurationList;
			buildConfigurations = (
				7B255C6627CB58D5001D5D61 /* Debug */,
				7B255C6727CB58D5001D5D61 /* Release */,
			);
			defaultConfigurationIsVisible = 0;
			defaultConfigurationName = Release;
		};
		7B255C6827CB58D5001D5D61 /* Build configuration list for PBXNativeTarget "Ebotti_ViolenceUITests" */ = {
			isa = XCConfigurationList;
			buildConfigurations = (
				7B255C6927CB58D5001D5D61 /* Debug */,
				7B255C6A27CB58D5001D5D61 /* Release */,
			);
			defaultConfigurationIsVisible = 0;
			defaultConfigurationName = Release;
		};
/* End XCConfigurationList section */

/* Begin XCVersionGroup section */
		7B255C4127CB58CE001D5D61 /* Ebotti_Violence.xcdatamodeld */ = {
			isa = XCVersionGroup;
			children = (
				7B255C4227CB58CE001D5D61 /* Ebotti_Violence.xcdatamodel */,
			);
			currentVersion = 7B255C4227CB58CE001D5D61 /* Ebotti_Violence.xcdatamodel */;
			path = Ebotti_Violence.xcdatamodeld;
			sourceTree = "<group>";
			versionGroupType = wrapper.xcdatamodel;
		};
/* End XCVersionGroup section */
	};
	rootObject = 7B255C2D27CB58CE001D5D61 /* Project object */;
}
